{
  "name": "fit-weather-chan",
  "version": "1.0.0",
  "lockfileVersion": 3,
  "requires": true,
  "packages": {
    "": {
      "name": "fit-weather-chan",
      "version": "1.0.0",
      "license": "BSD-3-Clause",
      "dependencies": {
        "discord-api-types": "^0.37.42"
      }
    },
    "node_modules/discord-api-types": {
      "version": "0.37.42",
      "resolved": "https://registry.npmjs.org/discord-api-types/-/discord-api-types-0.37.42.tgz",
      "integrity": "sha512-1Huaj9cQ1W7/uryS8MZs/tZemnoKB94thM1cE40lep3rpU3q7WHqkdjN/veX0prTkYlPhcyLd/DeF/pBO8X8oQ=="
    }
  }
}
